
Microsoft Visual Studio Solution File, Format Version 12.00
# Visual Studio Version 17
VisualStudioVersion = 17.11.35327.3
MinimumVisualStudioVersion = 10.0.40219.1
Project("{8BC9CEB8-8B4A-11D0-8D11-00A0C91BC942}") = "Class03th", "cppgp2.vcxproj", "{B28E5E46-A047-4142-9E00-FBA36B224DF5}"
EndProject
Project("{8BC9CEB8-8B4A-11D0-8D11-00A0C91BC942}") = "Class02th", "..\Class03th\Class03th.vcxproj", "{118E945B-F9CD-46A2-8DD1-9190A07B7A8A}"
EndProject
Project("{8BC9CEB8-8B4A-11D0-8D11-00A0C91BC942}") = "Class01th", "..\Class01th\Class01th.vcxproj", "{DCB7BB17-EC9F-420A-BF43-70CF19E4300D}"
EndProject
Project("{8BC9CEB8-8B4A-11D0-8D11-00A0C91BC942}") = "Class04th", "..\Class04th\Class04th.vcxproj", "{D3BF96BD-BA80-4A1A-8BB7-12753E93C4FA}"
EndProject
Project("{8BC9CEB8-8B4A-11D0-8D11-00A0C91BC942}") = "Class05th", "..\Class05th\Class05th.vcxproj", "{414DEFD7-6190-4C92-9E1D-A6A80739D69F}"
EndProject
Project("{8BC9CEB8-8B4A-11D0-8D11-00A0C91BC942}") = "Class06th", "..\Class06th\Class06th.vcxproj", "{7A673E76-16D1-4528-98F5-8E402040F82C}"
EndProject
Project("{8BC9CEB8-8B4A-11D0-8D11-00A0C91BC942}") = "Class07th", "..\Class07th\Class07th.vcxproj", "{A0288CB1-301C-4E19-9F39-2E0ABFA18DD5}"
EndProject
Project("{8BC9CEB8-8B4A-11D0-8D11-00A0C91BC942}") = "Class08th", "..\Class08th\Class08th.vcxproj", "{0038DFC4-A359-4F5C-ADB9-94096E51E74E}"
EndProject
Project("{8BC9CEB8-8B4A-11D0-8D11-00A0C91BC942}") = "Class09th", "..\Class09th\Class09th.vcxproj", "{635A540A-A0AA-4300-89FA-819C14E635B3}"
EndProject
Project("{8BC9CEB8-8B4A-11D0-8D11-00A0C91BC942}") = "Class10th", "..\Class10th\Class10th.vcxproj", "{B6446811-43E1-48E3-AE76-73DDFDD5DBD5}"
EndProject
Project("{8BC9CEB8-8B4A-11D0-8D11-00A0C91BC942}") = "Class11th", "..\Class11th\Class11th.vcxproj", "{61CA74B9-5151-40ED-9DA0-D28E9FC8A92B}"
EndProject
Project("{8BC9CEB8-8B4A-11D0-8D11-00A0C91BC942}") = "Class12th", "..\Class12th\Class12th.vcxproj", "{6BDD34E6-F13C-466D-A3F9-F13CFB48B570}"
EndProject
Project("{8BC9CEB8-8B4A-11D0-8D11-00A0C91BC942}") = "Class13th", "..\Class13th\Class13th.vcxproj", "{BB9A44F5-02E9-4307-84AE-0FA98BFAFB67}"
EndProject
Global
	GlobalSection(SolutionConfigurationPlatforms) = preSolution
		Debug|x64 = Debug|x64
		Debug|x86 = Debug|x86
		Release|x64 = Release|x64
		Release|x86 = Release|x86
	EndGlobalSection
	GlobalSection(ProjectConfigurationPlatforms) = postSolution
		{B28E5E46-A047-4142-9E00-FBA36B224DF5}.Debug|x64.ActiveCfg = Debug|x64
		{B28E5E46-A047-4142-9E00-FBA36B224DF5}.Debug|x64.Build.0 = Debug|x64
		{B28E5E46-A047-4142-9E00-FBA36B224DF5}.Debug|x86.ActiveCfg = Debug|Win32
		{B28E5E46-A047-4142-9E00-FBA36B224DF5}.Debug|x86.Build.0 = Debug|Win32
		{B28E5E46-A047-4142-9E00-FBA36B224DF5}.Release|x64.ActiveCfg = Release|x64
		{B28E5E46-A047-4142-9E00-FBA36B224DF5}.Release|x64.Build.0 = Release|x64
		{B28E5E46-A047-4142-9E00-FBA36B224DF5}.Release|x86.ActiveCfg = Release|Win32
		{B28E5E46-A047-4142-9E00-FBA36B224DF5}.Release|x86.Build.0 = Release|Win32
		{118E945B-F9CD-46A2-8DD1-9190A07B7A8A}.Debug|x64.ActiveCfg = Debug|x64
		{118E945B-F9CD-46A2-8DD1-9190A07B7A8A}.Debug|x64.Build.0 = Debug|x64
		{118E945B-F9CD-46A2-8DD1-9190A07B7A8A}.Debug|x86.ActiveCfg = Debug|Win32
		{118E945B-F9CD-46A2-8DD1-9190A07B7A8A}.Debug|x86.Build.0 = Debug|Win32
		{118E945B-F9CD-46A2-8DD1-9190A07B7A8A}.Release|x64.ActiveCfg = Release|x64
		{118E945B-F9CD-46A2-8DD1-9190A07B7A8A}.Release|x64.Build.0 = Release|x64
		{118E945B-F9CD-46A2-8DD1-9190A07B7A8A}.Release|x86.ActiveCfg = Release|Win32
		{118E945B-F9CD-46A2-8DD1-9190A07B7A8A}.Release|x86.Build.0 = Release|Win32
		{DCB7BB17-EC9F-420A-BF43-70CF19E4300D}.Debug|x64.ActiveCfg = Debug|x64
		{DCB7BB17-EC9F-420A-BF43-70CF19E4300D}.Debug|x64.Build.0 = Debug|x64
		{DCB7BB17-EC9F-420A-BF43-70CF19E4300D}.Debug|x86.ActiveCfg = Debug|Win32
		{DCB7BB17-EC9F-420A-BF43-70CF19E4300D}.Debug|x86.Build.0 = Debug|Win32
		{DCB7BB17-EC9F-420A-BF43-70CF19E4300D}.Release|x64.ActiveCfg = Release|x64
		{DCB7BB17-EC9F-420A-BF43-70CF19E4300D}.Release|x64.Build.0 = Release|x64
		{DCB7BB17-EC9F-420A-BF43-70CF19E4300D}.Release|x86.ActiveCfg = Release|Win32
		{DCB7BB17-EC9F-420A-BF43-70CF19E4300D}.Release|x86.Build.0 = Release|Win32
		{D3BF96BD-BA80-4A1A-8BB7-12753E93C4FA}.Debug|x64.ActiveCfg = Debug|x64
		{D3BF96BD-BA80-4A1A-8BB7-12753E93C4FA}.Debug|x64.Build.0 = Debug|x64
		{D3BF96BD-BA80-4A1A-8BB7-12753E93C4FA}.Debug|x86.ActiveCfg = Debug|Win32
		{D3BF96BD-BA80-4A1A-8BB7-12753E93C4FA}.Debug|x86.Build.0 = Debug|Win32
		{D3BF96BD-BA80-4A1A-8BB7-12753E93C4FA}.Release|x64.ActiveCfg = Release|x64
		{D3BF96BD-BA80-4A1A-8BB7-12753E93C4FA}.Release|x64.Build.0 = Release|x64
		{D3BF96BD-BA80-4A1A-8BB7-12753E93C4FA}.Release|x86.ActiveCfg = Release|Win32
		{D3BF96BD-BA80-4A1A-8BB7-12753E93C4FA}.Release|x86.Build.0 = Release|Win32
		{414DEFD7-6190-4C92-9E1D-A6A80739D69F}.Debug|x64.ActiveCfg = Debug|x64
		{414DEFD7-6190-4C92-9E1D-A6A80739D69F}.Debug|x64.Build.0 = Debug|x64
		{414DEFD7-6190-4C92-9E1D-A6A80739D69F}.Debug|x86.ActiveCfg = Debug|Win32
		{414DEFD7-6190-4C92-9E1D-A6A80739D69F}.Debug|x86.Build.0 = Debug|Win32
		{414DEFD7-6190-4C92-9E1D-A6A80739D69F}.Release|x64.ActiveCfg = Release|x64
		{414DEFD7-6190-4C92-9E1D-A6A80739D69F}.Release|x64.Build.0 = Release|x64
		{414DEFD7-6190-4C92-9E1D-A6A80739D69F}.Release|x86.ActiveCfg = Release|Win32
		{414DEFD7-6190-4C92-9E1D-A6A80739D69F}.Release|x86.Build.0 = Release|Win32
		{7A673E76-16D1-4528-98F5-8E402040F82C}.Debug|x64.ActiveCfg = Debug|x64
		{7A673E76-16D1-4528-98F5-8E402040F82C}.Debug|x64.Build.0 = Debug|x64
		{7A673E76-16D1-4528-98F5-8E402040F82C}.Debug|x86.ActiveCfg = Debug|Win32
		{7A673E76-16D1-4528-98F5-8E402040F82C}.Debug|x86.Build.0 = Debug|Win32
		{7A673E76-16D1-4528-98F5-8E402040F82C}.Release|x64.ActiveCfg = Release|x64
		{7A673E76-16D1-4528-98F5-8E402040F82C}.Release|x64.Build.0 = Release|x64
		{7A673E76-16D1-4528-98F5-8E402040F82C}.Release|x86.ActiveCfg = Release|Win32
		{7A673E76-16D1-4528-98F5-8E402040F82C}.Release|x86.Build.0 = Release|Win32
		{A0288CB1-301C-4E19-9F39-2E0ABFA18DD5}.Debug|x64.ActiveCfg = Debug|x64
		{A0288CB1-301C-4E19-9F39-2E0ABFA18DD5}.Debug|x64.Build.0 = Debug|x64
		{A0288CB1-301C-4E19-9F39-2E0ABFA18DD5}.Debug|x86.ActiveCfg = Debug|Win32
		{A0288CB1-301C-4E19-9F39-2E0ABFA18DD5}.Debug|x86.Build.0 = Debug|Win32
		{A0288CB1-301C-4E19-9F39-2E0ABFA18DD5}.Release|x64.ActiveCfg = Release|x64
		{A0288CB1-301C-4E19-9F39-2E0ABFA18DD5}.Release|x64.Build.0 = Release|x64
		{A0288CB1-301C-4E19-9F39-2E0ABFA18DD5}.Release|x86.ActiveCfg = Release|Win32
		{A0288CB1-301C-4E19-9F39-2E0ABFA18DD5}.Release|x86.Build.0 = Release|Win32
		{0038DFC4-A359-4F5C-ADB9-94096E51E74E}.Debug|x64.ActiveCfg = Debug|x64
		{0038DFC4-A359-4F5C-ADB9-94096E51E74E}.Debug|x64.Build.0 = Debug|x64
		{0038DFC4-A359-4F5C-ADB9-94096E51E74E}.Debug|x86.ActiveCfg = Debug|Win32
		{0038DFC4-A359-4F5C-ADB9-94096E51E74E}.Debug|x86.Build.0 = Debug|Win32
		{0038DFC4-A359-4F5C-ADB9-94096E51E74E}.Release|x64.ActiveCfg = Release|x64
		{0038DFC4-A359-4F5C-ADB9-94096E51E74E}.Release|x64.Build.0 = Release|x64
		{0038DFC4-A359-4F5C-ADB9-94096E51E74E}.Release|x86.ActiveCfg = Release|Win32
		{0038DFC4-A359-4F5C-ADB9-94096E51E74E}.Release|x86.Build.0 = Release|Win32
		{635A540A-A0AA-4300-89FA-819C14E635B3}.Debug|x64.ActiveCfg = Debug|x64
		{635A540A-A0AA-4300-89FA-819C14E635B3}.Debug|x64.Build.0 = Debug|x64
		{635A540A-A0AA-4300-89FA-819C14E635B3}.Debug|x86.ActiveCfg = Debug|Win32
		{635A540A-A0AA-4300-89FA-819C14E635B3}.Debug|x86.Build.0 = Debug|Win32
		{635A540A-A0AA-4300-89FA-819C14E635B3}.Release|x64.ActiveCfg = Release|x64
		{635A540A-A0AA-4300-89FA-819C14E635B3}.Release|x64.Build.0 = Release|x64
		{635A540A-A0AA-4300-89FA-819C14E635B3}.Release|x86.ActiveCfg = Release|Win32
		{635A540A-A0AA-4300-89FA-819C14E635B3}.Release|x86.Build.0 = Release|Win32
		{B6446811-43E1-48E3-AE76-73DDFDD5DBD5}.Debug|x64.ActiveCfg = Debug|x64
		{B6446811-43E1-48E3-AE76-73DDFDD5DBD5}.Debug|x64.Build.0 = Debug|x64
		{B6446811-43E1-48E3-AE76-73DDFDD5DBD5}.Debug|x86.ActiveCfg = Debug|Win32
		{B6446811-43E1-48E3-AE76-73DDFDD5DBD5}.Debug|x86.Build.0 = Debug|Win32
		{B6446811-43E1-48E3-AE76-73DDFDD5DBD5}.Release|x64.ActiveCfg = Release|x64
		{B6446811-43E1-48E3-AE76-73DDFDD5DBD5}.Release|x64.Build.0 = Release|x64
		{B6446811-43E1-48E3-AE76-73DDFDD5DBD5}.Release|x86.ActiveCfg = Release|Win32
		{B6446811-43E1-48E3-AE76-73DDFDD5DBD5}.Release|x86.Build.0 = Release|Win32
		{61CA74B9-5151-40ED-9DA0-D28E9FC8A92B}.Debug|x64.ActiveCfg = Debug|x64
		{61CA74B9-5151-40ED-9DA0-D28E9FC8A92B}.Debug|x64.Build.0 = Debug|x64
		{61CA74B9-5151-40ED-9DA0-D28E9FC8A92B}.Debug|x86.ActiveCfg = Debug|Win32
		{61CA74B9-5151-40ED-9DA0-D28E9FC8A92B}.Debug|x86.Build.0 = Debug|Win32
		{61CA74B9-5151-40ED-9DA0-D28E9FC8A92B}.Release|x64.ActiveCfg = Release|x64
		{61CA74B9-5151-40ED-9DA0-D28E9FC8A92B}.Release|x64.Build.0 = Release|x64
		{61CA74B9-5151-40ED-9DA0-D28E9FC8A92B}.Release|x86.ActiveCfg = Release|Win32
		{61CA74B9-5151-40ED-9DA0-D28E9FC8A92B}.Release|x86.Build.0 = Release|Win32
		{6BDD34E6-F13C-466D-A3F9-F13CFB48B570}.Debug|x64.ActiveCfg = Debug|x64
		{6BDD34E6-F13C-466D-A3F9-F13CFB48B570}.Debug|x64.Build.0 = Debug|x64
		{6BDD34E6-F13C-466D-A3F9-F13CFB48B570}.Debug|x86.ActiveCfg = Debug|Win32
		{6BDD34E6-F13C-466D-A3F9-F13CFB48B570}.Debug|x86.Build.0 = Debug|Win32
		{6BDD34E6-F13C-466D-A3F9-F13CFB48B570}.Release|x64.ActiveCfg = Release|x64
		{6BDD34E6-F13C-466D-A3F9-F13CFB48B570}.Release|x64.Build.0 = Release|x64
		{6BDD34E6-F13C-466D-A3F9-F13CFB48B570}.Release|x86.ActiveCfg = Release|Win32
		{6BDD34E6-F13C-466D-A3F9-F13CFB48B570}.Release|x86.Build.0 = Release|Win32
		{BB9A44F5-02E9-4307-84AE-0FA98BFAFB67}.Debug|x64.ActiveCfg = Debug|x64
		{BB9A44F5-02E9-4307-84AE-0FA98BFAFB67}.Debug|x64.Build.0 = Debug|x64
		{BB9A44F5-02E9-4307-84AE-0FA98BFAFB67}.Debug|x86.ActiveCfg = Debug|Win32
		{BB9A44F5-02E9-4307-84AE-0FA98BFAFB67}.Debug|x86.Build.0 = Debug|Win32
		{BB9A44F5-02E9-4307-84AE-0FA98BFAFB67}.Release|x64.ActiveCfg = Release|x64
		{BB9A44F5-02E9-4307-84AE-0FA98BFAFB67}.Release|x64.Build.0 = Release|x64
		{BB9A44F5-02E9-4307-84AE-0FA98BFAFB67}.Release|x86.ActiveCfg = Release|Win32
		{BB9A44F5-02E9-4307-84AE-0FA98BFAFB67}.Release|x86.Build.0 = Release|Win32
	EndGlobalSection
	GlobalSection(SolutionProperties) = preSolution
		HideSolutionNode = FALSE
	EndGlobalSection
	GlobalSection(ExtensibilityGlobals) = postSolution
		SolutionGuid = {FF7C7A18-8B6A-4583-B2CD-09465614EBF4}
	EndGlobalSection
EndGlobal
