
Microsoft Visual Studio Solution File, Format Version 12.00
# Visual Studio Version 17
VisualStudioVersion = 17.11.35327.3
MinimumVisualStudioVersion = 10.0.40219.1
Project("{8BC9CEB8-8B4A-11D0-8D11-00A0C91BC942}") = "Class03th", "cppgp2.vcxproj", "{B28E5E46-A047-4142-9E00-FBA36B224DF5}"
EndProject
Project("{8BC9CEB8-8B4A-11D0-8D11-00A0C91BC942}") = "Class02th", "..\Class03th\Class03th.vcxproj", "{118E945B-F9CD-46A2-8DD1-9190A07B7A8A}"
EndProject
Project("{8BC9CEB8-8B4A-11D0-8D11-00A0C91BC942}") = "Class01th", "..\Class01th\Class01th.vcxproj", "{DCB7BB17-EC9F-420A-BF43-70CF19E4300D}"
EndProject
Project("{8BC9CEB8-8B4A-11D0-8D11-00A0C91BC942}") = "Class04th", "..\Class04th\Class04th.vcxproj", "{D3BF96BD-BA80-4A1A-8BB7-12753E93C4FA}"
EndProject
Global
	GlobalSection(SolutionConfigurationPlatforms) = preSolution
		Debug|x64 = Debug|x64
		Debug|x86 = Debug|x86
		Release|x64 = Release|x64
		Release|x86 = Release|x86
	EndGlobalSection
	GlobalSection(ProjectConfigurationPlatforms) = postSolution
		{B28E5E46-A047-4142-9E00-FBA36B224DF5}.Debug|x64.ActiveCfg = Debug|x64
		{B28E5E46-A047-4142-9E00-FBA36B224DF5}.Debug|x64.Build.0 = Debug|x64
		{B28E5E46-A047-4142-9E00-FBA36B224DF5}.Debug|x86.ActiveCfg = Debug|Win32
		{B28E5E46-A047-4142-9E00-FBA36B224DF5}.Debug|x86.Build.0 = Debug|Win32
		{B28E5E46-A047-4142-9E00-FBA36B224DF5}.Release|x64.ActiveCfg = Release|x64
		{B28E5E46-A047-4142-9E00-FBA36B224DF5}.Release|x64.Build.0 = Release|x64
		{B28E5E46-A047-4142-9E00-FBA36B224DF5}.Release|x86.ActiveCfg = Release|Win32
		{B28E5E46-A047-4142-9E00-FBA36B224DF5}.Release|x86.Build.0 = Release|Win32
		{118E945B-F9CD-46A2-8DD1-9190A07B7A8A}.Debug|x64.ActiveCfg = Debug|x64
		{118E945B-F9CD-46A2-8DD1-9190A07B7A8A}.Debug|x64.Build.0 = Debug|x64
		{118E945B-F9CD-46A2-8DD1-9190A07B7A8A}.Debug|x86.ActiveCfg = Debug|Win32
		{118E945B-F9CD-46A2-8DD1-9190A07B7A8A}.Debug|x86.Build.0 = Debug|Win32
		{118E945B-F9CD-46A2-8DD1-9190A07B7A8A}.Release|x64.ActiveCfg = Release|x64
		{118E945B-F9CD-46A2-8DD1-9190A07B7A8A}.Release|x64.Build.0 = Release|x64
		{118E945B-F9CD-46A2-8DD1-9190A07B7A8A}.Release|x86.ActiveCfg = Release|Win32
		{118E945B-F9CD-46A2-8DD1-9190A07B7A8A}.Release|x86.Build.0 = Release|Win32
		{DCB7BB17-EC9F-420A-BF43-70CF19E4300D}.Debug|x64.ActiveCfg = Debug|x64
		{DCB7BB17-EC9F-420A-BF43-70CF19E4300D}.Debug|x64.Build.0 = Debug|x64
		{DCB7BB17-EC9F-420A-BF43-70CF19E4300D}.Debug|x86.ActiveCfg = Debug|Win32
		{DCB7BB17-EC9F-420A-BF43-70CF19E4300D}.Debug|x86.Build.0 = Debug|Win32
		{DCB7BB17-EC9F-420A-BF43-70CF19E4300D}.Release|x64.ActiveCfg = Release|x64
		{DCB7BB17-EC9F-420A-BF43-70CF19E4300D}.Release|x64.Build.0 = Release|x64
		{DCB7BB17-EC9F-420A-BF43-70CF19E4300D}.Release|x86.ActiveCfg = Release|Win32
		{DCB7BB17-EC9F-420A-BF43-70CF19E4300D}.Release|x86.Build.0 = Release|Win32
		{D3BF96BD-BA80-4A1A-8BB7-12753E93C4FA}.Debug|x64.ActiveCfg = Debug|x64
		{D3BF96BD-BA80-4A1A-8BB7-12753E93C4FA}.Debug|x64.Build.0 = Debug|x64
		{D3BF96BD-BA80-4A1A-8BB7-12753E93C4FA}.Debug|x86.ActiveCfg = Debug|Win32
		{D3BF96BD-BA80-4A1A-8BB7-12753E93C4FA}.Debug|x86.Build.0 = Debug|Win32
		{D3BF96BD-BA80-4A1A-8BB7-12753E93C4FA}.Release|x64.ActiveCfg = Release|x64
		{D3BF96BD-BA80-4A1A-8BB7-12753E93C4FA}.Release|x64.Build.0 = Release|x64
		{D3BF96BD-BA80-4A1A-8BB7-12753E93C4FA}.Release|x86.ActiveCfg = Release|Win32
		{D3BF96BD-BA80-4A1A-8BB7-12753E93C4FA}.Release|x86.Build.0 = Release|Win32
	EndGlobalSection
	GlobalSection(SolutionProperties) = preSolution
		HideSolutionNode = FALSE
	EndGlobalSection
	GlobalSection(ExtensibilityGlobals) = postSolution
		SolutionGuid = {FF7C7A18-8B6A-4583-B2CD-09465614EBF4}
	EndGlobalSection
EndGlobal
